
Microsoft Visual Studio Solution File, Format Version 12.00
# Visual Studio 15
VisualStudioVersion = 15.0.27703.2026
MinimumVisualStudioVersion = 10.0.40219.1
Project("{FAE04EC0-301F-11D3-BF4B-00C04F79EFBC}") = "CodeProject.PurchaseOrderManagement.Interfaces", "CodeProject.PurchaseOrderManagement.Interfaces\CodeProject.PurchaseOrderManagement.Interfaces.csproj", "{54B90A0F-B817-48A0-8B27-D28BCE34EA6D}"
EndProject
Global
	GlobalSection(SolutionConfigurationPlatforms) = preSolution
		Debug|Any CPU = Debug|Any CPU
		Release|Any CPU = Release|Any CPU
	EndGlobalSection
	GlobalSection(ProjectConfigurationPlatforms) = postSolution
		{54B90A0F-B817-48A0-8B27-D28BCE34EA6D}.Debug|Any CPU.ActiveCfg = Debug|Any CPU
		{54B90A0F-B817-48A0-8B27-D28BCE34EA6D}.Debug|Any CPU.Build.0 = Debug|Any CPU
		{54B90A0F-B817-48A0-8B27-D28BCE34EA6D}.Release|Any CPU.ActiveCfg = Release|Any CPU
		{54B90A0F-B817-48A0-8B27-D28BCE34EA6D}.Release|Any CPU.Build.0 = Release|Any CPU
	EndGlobalSection
	GlobalSection(SolutionProperties) = preSolution
		HideSolutionNode = FALSE
	EndGlobalSection
	GlobalSection(ExtensibilityGlobals) = postSolution
		SolutionGuid = {E2560F7A-DDA1-4396-AEED-85DDDD959F87}
	EndGlobalSection
EndGlobal
