
Microsoft Visual Studio Solution File, Format Version 12.00
# Visual Studio 15
VisualStudioVersion = 15.0.27703.2026
MinimumVisualStudioVersion = 10.0.40219.1
Project("{FAE04EC0-301F-11D3-BF4B-00C04F79EFBC}") = "CodeProject.PurchaseOrderManagement.BusinessRules", "CodeProject.PurchaseOrderManagement.BusinessRules\CodeProject.PurchaseOrderManagement.BusinessRules.csproj", "{E39E551A-413B-4A2E-82BA-3B6111E299A5}"
EndProject
Global
	GlobalSection(SolutionConfigurationPlatforms) = preSolution
		Debug|Any CPU = Debug|Any CPU
		Release|Any CPU = Release|Any CPU
	EndGlobalSection
	GlobalSection(ProjectConfigurationPlatforms) = postSolution
		{E39E551A-413B-4A2E-82BA-3B6111E299A5}.Debug|Any CPU.ActiveCfg = Debug|Any CPU
		{E39E551A-413B-4A2E-82BA-3B6111E299A5}.Debug|Any CPU.Build.0 = Debug|Any CPU
		{E39E551A-413B-4A2E-82BA-3B6111E299A5}.Release|Any CPU.ActiveCfg = Release|Any CPU
		{E39E551A-413B-4A2E-82BA-3B6111E299A5}.Release|Any CPU.Build.0 = Release|Any CPU
	EndGlobalSection
	GlobalSection(SolutionProperties) = preSolution
		HideSolutionNode = FALSE
	EndGlobalSection
	GlobalSection(ExtensibilityGlobals) = postSolution
		SolutionGuid = {7E170E60-1A8C-462B-85AC-9FCD316AFCF9}
	EndGlobalSection
EndGlobal
