
Microsoft Visual Studio Solution File, Format Version 12.00
# Visual Studio 15
VisualStudioVersion = 15.0.27703.2026
MinimumVisualStudioVersion = 10.0.40219.1
Project("{FAE04EC0-301F-11D3-BF4B-00C04F79EFBC}") = "CodeProject.InventoryManagement.Interfaces", "CodeProject.InventoryManagement.Interfaces\CodeProject.InventoryManagement.Interfaces.csproj", "{C7ADEFD6-0360-4986-BBC7-9E9AC98CF643}"
EndProject
Global
	GlobalSection(SolutionConfigurationPlatforms) = preSolution
		Debug|Any CPU = Debug|Any CPU
		Release|Any CPU = Release|Any CPU
	EndGlobalSection
	GlobalSection(ProjectConfigurationPlatforms) = postSolution
		{C7ADEFD6-0360-4986-BBC7-9E9AC98CF643}.Debug|Any CPU.ActiveCfg = Debug|Any CPU
		{C7ADEFD6-0360-4986-BBC7-9E9AC98CF643}.Debug|Any CPU.Build.0 = Debug|Any CPU
		{C7ADEFD6-0360-4986-BBC7-9E9AC98CF643}.Release|Any CPU.ActiveCfg = Release|Any CPU
		{C7ADEFD6-0360-4986-BBC7-9E9AC98CF643}.Release|Any CPU.Build.0 = Release|Any CPU
	EndGlobalSection
	GlobalSection(SolutionProperties) = preSolution
		HideSolutionNode = FALSE
	EndGlobalSection
	GlobalSection(ExtensibilityGlobals) = postSolution
		SolutionGuid = {2A0F752A-F329-4F5C-8D1D-907E2DAF2DBA}
	EndGlobalSection
EndGlobal
