
Microsoft Visual Studio Solution File, Format Version 12.00
# Visual Studio 15
VisualStudioVersion = 15.0.27703.2026
MinimumVisualStudioVersion = 10.0.40219.1
Project("{FAE04EC0-301F-11D3-BF4B-00C04F79EFBC}") = "CodeProject.SalesOrderManagement.Data.Models", "CodeProject.SalesOrderManagement.Data.Models\CodeProject.SalesOrderManagement.Data.Models.csproj", "{FBE62966-BB4E-47EC-BD7F-EBA5ABC76854}"
EndProject
Global
	GlobalSection(SolutionConfigurationPlatforms) = preSolution
		Debug|Any CPU = Debug|Any CPU
		Release|Any CPU = Release|Any CPU
	EndGlobalSection
	GlobalSection(ProjectConfigurationPlatforms) = postSolution
		{FBE62966-BB4E-47EC-BD7F-EBA5ABC76854}.Debug|Any CPU.ActiveCfg = Debug|Any CPU
		{FBE62966-BB4E-47EC-BD7F-EBA5ABC76854}.Debug|Any CPU.Build.0 = Debug|Any CPU
		{FBE62966-BB4E-47EC-BD7F-EBA5ABC76854}.Release|Any CPU.ActiveCfg = Release|Any CPU
		{FBE62966-BB4E-47EC-BD7F-EBA5ABC76854}.Release|Any CPU.Build.0 = Release|Any CPU
	EndGlobalSection
	GlobalSection(SolutionProperties) = preSolution
		HideSolutionNode = FALSE
	EndGlobalSection
	GlobalSection(ExtensibilityGlobals) = postSolution
		SolutionGuid = {1A2DD04C-9830-4CDF-BCDD-43E29CD59CB7}
	EndGlobalSection
EndGlobal
